
Microsoft Visual Studio Solution File, Format Version 12.00
# Visual Studio Version 17
VisualStudioVersion = 17.7.34018.315
MinimumVisualStudioVersion = 10.0.40219.1
Project("{9A19103F-16F7-4668-BE54-9A1E7A4F7556}") = "WebReto", "WebReto.csproj", "{359DA2D6-3A8B-4AAB-B9B9-78CBAF49B8D2}"
EndProject
Global
	GlobalSection(SolutionConfigurationPlatforms) = preSolution
		Debug|Any CPU = Debug|Any CPU
		Release|Any CPU = Release|Any CPU
	EndGlobalSection
	GlobalSection(ProjectConfigurationPlatforms) = postSolution
		{359DA2D6-3A8B-4AAB-B9B9-78CBAF49B8D2}.Debug|Any CPU.ActiveCfg = Debug|Any CPU
		{359DA2D6-3A8B-4AAB-B9B9-78CBAF49B8D2}.Debug|Any CPU.Build.0 = Debug|Any CPU
		{359DA2D6-3A8B-4AAB-B9B9-78CBAF49B8D2}.Release|Any CPU.ActiveCfg = Release|Any CPU
		{359DA2D6-3A8B-4AAB-B9B9-78CBAF49B8D2}.Release|Any CPU.Build.0 = Release|Any CPU
	EndGlobalSection
	GlobalSection(SolutionProperties) = preSolution
		HideSolutionNode = FALSE
	EndGlobalSection
	GlobalSection(ExtensibilityGlobals) = postSolution
		SolutionGuid = {D275D56F-C1CA-4246-9439-5811F217DA67}
	EndGlobalSection
EndGlobal
